
Microsoft Visual Studio Solution File, Format Version 12.00
# Visual Studio 2012
VisualStudioVersion = 12.0.30723.0
MinimumVisualStudioVersion = 10.0.40219.1
Project("{D954291E-2A0B-460D-934E-DC6B0785DB48}") = "PopupsMenu", "PopupsMenu\PopupsMenu\PopupsMenu.shproj", "{C63C3422-623F-4532-9A23-EBBBBF68DB6A}"
EndProject
Project("{FAE04EC0-301F-11D3-BF4B-00C04F79EFBC}") = "PopupsMenu.WinPhone", "PopupsMenu\PopupsMenu.WinPhone\PopupsMenu.WinPhone.csproj", "{B85A409D-D821-4545-9A21-059CFC239A74}"
EndProject
Project("{FAE04EC0-301F-11D3-BF4B-00C04F79EFBC}") = "PopupsMenu.iOS", "PopupsMenu\PopupsMenu.iOS\PopupsMenu.iOS.csproj", "{1DCC9BA3-42A0-4187-84EC-D945E3AC7A5C}"
EndProject
Project("{FAE04EC0-301F-11D3-BF4B-00C04F79EFBC}") = "PopupsMenu.Droid", "PopupsMenu\PopupsMenu.Droid\PopupsMenu.Droid.csproj", "{5084320D-2559-4286-BFC2-1760C0E0835D}"
EndProject
Global
	GlobalSection(SolutionConfigurationPlatforms) = preSolution
		Ad-Hoc|Any CPU = Ad-Hoc|Any CPU
		Ad-Hoc|ARM = Ad-Hoc|ARM
		Ad-Hoc|iPhone = Ad-Hoc|iPhone
		Ad-Hoc|iPhoneSimulator = Ad-Hoc|iPhoneSimulator
		Ad-Hoc|Mixed Platforms = Ad-Hoc|Mixed Platforms
		Ad-Hoc|x86 = Ad-Hoc|x86
		AppStore|Any CPU = AppStore|Any CPU
		AppStore|ARM = AppStore|ARM
		AppStore|iPhone = AppStore|iPhone
		AppStore|iPhoneSimulator = AppStore|iPhoneSimulator
		AppStore|Mixed Platforms = AppStore|Mixed Platforms
		AppStore|x86 = AppStore|x86
		Debug|Any CPU = Debug|Any CPU
		Debug|ARM = Debug|ARM
		Debug|iPhone = Debug|iPhone
		Debug|iPhoneSimulator = Debug|iPhoneSimulator
		Debug|Mixed Platforms = Debug|Mixed Platforms
		Debug|x86 = Debug|x86
		Release|Any CPU = Release|Any CPU
		Release|ARM = Release|ARM
		Release|iPhone = Release|iPhone
		Release|iPhoneSimulator = Release|iPhoneSimulator
		Release|Mixed Platforms = Release|Mixed Platforms
		Release|x86 = Release|x86
	EndGlobalSection
	GlobalSection(ProjectConfigurationPlatforms) = postSolution
		{1DCC9BA3-42A0-4187-84EC-D945E3AC7A5C}.Ad-Hoc|Any CPU.ActiveCfg = Ad-Hoc|iPhone
		{1DCC9BA3-42A0-4187-84EC-D945E3AC7A5C}.Ad-Hoc|ARM.ActiveCfg = Ad-Hoc|iPhone
		{1DCC9BA3-42A0-4187-84EC-D945E3AC7A5C}.Ad-Hoc|iPhone.ActiveCfg = Ad-Hoc|iPhone
		{1DCC9BA3-42A0-4187-84EC-D945E3AC7A5C}.Ad-Hoc|iPhone.Build.0 = Ad-Hoc|iPhone
		{1DCC9BA3-42A0-4187-84EC-D945E3AC7A5C}.Ad-Hoc|iPhoneSimulator.ActiveCfg = Ad-Hoc|iPhoneSimulator
		{1DCC9BA3-42A0-4187-84EC-D945E3AC7A5C}.Ad-Hoc|iPhoneSimulator.Build.0 = Ad-Hoc|iPhoneSimulator
		{1DCC9BA3-42A0-4187-84EC-D945E3AC7A5C}.Ad-Hoc|Mixed Platforms.ActiveCfg = Ad-Hoc|iPhone
		{1DCC9BA3-42A0-4187-84EC-D945E3AC7A5C}.Ad-Hoc|Mixed Platforms.Build.0 = Ad-Hoc|iPhone
		{1DCC9BA3-42A0-4187-84EC-D945E3AC7A5C}.Ad-Hoc|x86.ActiveCfg = Ad-Hoc|iPhone
		{1DCC9BA3-42A0-4187-84EC-D945E3AC7A5C}.AppStore|Any CPU.ActiveCfg = AppStore|iPhone
		{1DCC9BA3-42A0-4187-84EC-D945E3AC7A5C}.AppStore|ARM.ActiveCfg = AppStore|iPhone
		{1DCC9BA3-42A0-4187-84EC-D945E3AC7A5C}.AppStore|iPhone.ActiveCfg = AppStore|iPhone
		{1DCC9BA3-42A0-4187-84EC-D945E3AC7A5C}.AppStore|iPhone.Build.0 = AppStore|iPhone
		{1DCC9BA3-42A0-4187-84EC-D945E3AC7A5C}.AppStore|iPhoneSimulator.ActiveCfg = AppStore|iPhoneSimulator
		{1DCC9BA3-42A0-4187-84EC-D945E3AC7A5C}.AppStore|iPhoneSimulator.Build.0 = AppStore|iPhoneSimulator
		{1DCC9BA3-42A0-4187-84EC-D945E3AC7A5C}.AppStore|Mixed Platforms.ActiveCfg = AppStore|iPhone
		{1DCC9BA3-42A0-4187-84EC-D945E3AC7A5C}.AppStore|Mixed Platforms.Build.0 = AppStore|iPhone
		{1DCC9BA3-42A0-4187-84EC-D945E3AC7A5C}.AppStore|x86.ActiveCfg = AppStore|iPhone
		{1DCC9BA3-42A0-4187-84EC-D945E3AC7A5C}.Debug|Any CPU.ActiveCfg = Debug|iPhone
		{1DCC9BA3-42A0-4187-84EC-D945E3AC7A5C}.Debug|ARM.ActiveCfg = Debug|iPhone
		{1DCC9BA3-42A0-4187-84EC-D945E3AC7A5C}.Debug|iPhone.ActiveCfg = Debug|iPhone
		{1DCC9BA3-42A0-4187-84EC-D945E3AC7A5C}.Debug|iPhone.Build.0 = Debug|iPhone
		{1DCC9BA3-42A0-4187-84EC-D945E3AC7A5C}.Debug|iPhoneSimulator.ActiveCfg = Debug|iPhoneSimulator
		{1DCC9BA3-42A0-4187-84EC-D945E3AC7A5C}.Debug|iPhoneSimulator.Build.0 = Debug|iPhoneSimulator
		{1DCC9BA3-42A0-4187-84EC-D945E3AC7A5C}.Debug|Mixed Platforms.ActiveCfg = Debug|iPhone
		{1DCC9BA3-42A0-4187-84EC-D945E3AC7A5C}.Debug|Mixed Platforms.Build.0 = Debug|iPhone
		{1DCC9BA3-42A0-4187-84EC-D945E3AC7A5C}.Debug|x86.ActiveCfg = Debug|iPhone
		{1DCC9BA3-42A0-4187-84EC-D945E3AC7A5C}.Release|Any CPU.ActiveCfg = Release|iPhone
		{1DCC9BA3-42A0-4187-84EC-D945E3AC7A5C}.Release|ARM.ActiveCfg = Release|iPhone
		{1DCC9BA3-42A0-4187-84EC-D945E3AC7A5C}.Release|iPhone.ActiveCfg = Release|iPhone
		{1DCC9BA3-42A0-4187-84EC-D945E3AC7A5C}.Release|iPhone.Build.0 = Release|iPhone
		{1DCC9BA3-42A0-4187-84EC-D945E3AC7A5C}.Release|iPhoneSimulator.ActiveCfg = Release|iPhoneSimulator
		{1DCC9BA3-42A0-4187-84EC-D945E3AC7A5C}.Release|iPhoneSimulator.Build.0 = Release|iPhoneSimulator
		{1DCC9BA3-42A0-4187-84EC-D945E3AC7A5C}.Release|Mixed Platforms.ActiveCfg = Release|iPhone
		{1DCC9BA3-42A0-4187-84EC-D945E3AC7A5C}.Release|Mixed Platforms.Build.0 = Release|iPhone
		{1DCC9BA3-42A0-4187-84EC-D945E3AC7A5C}.Release|x86.ActiveCfg = Release|iPhone
		{5084320D-2559-4286-BFC2-1760C0E0835D}.Ad-Hoc|Any CPU.ActiveCfg = Release|Any CPU
		{5084320D-2559-4286-BFC2-1760C0E0835D}.Ad-Hoc|Any CPU.Build.0 = Release|Any CPU
		{5084320D-2559-4286-BFC2-1760C0E0835D}.Ad-Hoc|Any CPU.Deploy.0 = Release|Any CPU
		{5084320D-2559-4286-BFC2-1760C0E0835D}.Ad-Hoc|ARM.ActiveCfg = Release|Any CPU
		{5084320D-2559-4286-BFC2-1760C0E0835D}.Ad-Hoc|iPhone.ActiveCfg = Release|Any CPU
		{5084320D-2559-4286-BFC2-1760C0E0835D}.Ad-Hoc|iPhoneSimulator.ActiveCfg = Release|Any CPU
		{5084320D-2559-4286-BFC2-1760C0E0835D}.Ad-Hoc|Mixed Platforms.ActiveCfg = Release|Any CPU
		{5084320D-2559-4286-BFC2-1760C0E0835D}.Ad-Hoc|Mixed Platforms.Build.0 = Release|Any CPU
		{5084320D-2559-4286-BFC2-1760C0E0835D}.Ad-Hoc|Mixed Platforms.Deploy.0 = Release|Any CPU
		{5084320D-2559-4286-BFC2-1760C0E0835D}.Ad-Hoc|x86.ActiveCfg = Release|Any CPU
		{5084320D-2559-4286-BFC2-1760C0E0835D}.AppStore|Any CPU.ActiveCfg = Release|Any CPU
		{5084320D-2559-4286-BFC2-1760C0E0835D}.AppStore|Any CPU.Build.0 = Release|Any CPU
		{5084320D-2559-4286-BFC2-1760C0E0835D}.AppStore|Any CPU.Deploy.0 = Release|Any CPU
		{5084320D-2559-4286-BFC2-1760C0E0835D}.AppStore|ARM.ActiveCfg = Release|Any CPU
		{5084320D-2559-4286-BFC2-1760C0E0835D}.AppStore|iPhone.ActiveCfg = Release|Any CPU
		{5084320D-2559-4286-BFC2-1760C0E0835D}.AppStore|iPhoneSimulator.ActiveCfg = Release|Any CPU
		{5084320D-2559-4286-BFC2-1760C0E0835D}.AppStore|Mixed Platforms.ActiveCfg = Release|Any CPU
		{5084320D-2559-4286-BFC2-1760C0E0835D}.AppStore|Mixed Platforms.Build.0 = Release|Any CPU
		{5084320D-2559-4286-BFC2-1760C0E0835D}.AppStore|Mixed Platforms.Deploy.0 = Release|Any CPU
		{5084320D-2559-4286-BFC2-1760C0E0835D}.AppStore|x86.ActiveCfg = Release|Any CPU
		{5084320D-2559-4286-BFC2-1760C0E0835D}.Debug|Any CPU.ActiveCfg = Debug|Any CPU
		{5084320D-2559-4286-BFC2-1760C0E0835D}.Debug|Any CPU.Build.0 = Debug|Any CPU
		{5084320D-2559-4286-BFC2-1760C0E0835D}.Debug|Any CPU.Deploy.0 = Debug|Any CPU
		{5084320D-2559-4286-BFC2-1760C0E0835D}.Debug|ARM.ActiveCfg = Debug|Any CPU
		{5084320D-2559-4286-BFC2-1760C0E0835D}.Debug|iPhone.ActiveCfg = Debug|Any CPU
		{5084320D-2559-4286-BFC2-1760C0E0835D}.Debug|iPhoneSimulator.ActiveCfg = Debug|Any CPU
		{5084320D-2559-4286-BFC2-1760C0E0835D}.Debug|Mixed Platforms.ActiveCfg = Debug|Any CPU
		{5084320D-2559-4286-BFC2-1760C0E0835D}.Debug|Mixed Platforms.Build.0 = Debug|Any CPU
		{5084320D-2559-4286-BFC2-1760C0E0835D}.Debug|Mixed Platforms.Deploy.0 = Debug|Any CPU
		{5084320D-2559-4286-BFC2-1760C0E0835D}.Debug|x86.ActiveCfg = Debug|Any CPU
		{5084320D-2559-4286-BFC2-1760C0E0835D}.Release|Any CPU.ActiveCfg = Release|Any CPU
		{5084320D-2559-4286-BFC2-1760C0E0835D}.Release|Any CPU.Build.0 = Release|Any CPU
		{5084320D-2559-4286-BFC2-1760C0E0835D}.Release|Any CPU.Deploy.0 = Release|Any CPU
		{5084320D-2559-4286-BFC2-1760C0E0835D}.Release|ARM.ActiveCfg = Release|Any CPU
		{5084320D-2559-4286-BFC2-1760C0E0835D}.Release|iPhone.ActiveCfg = Release|Any CPU
		{5084320D-2559-4286-BFC2-1760C0E0835D}.Release|iPhoneSimulator.ActiveCfg = Release|Any CPU
		{5084320D-2559-4286-BFC2-1760C0E0835D}.Release|Mixed Platforms.ActiveCfg = Release|Any CPU
		{5084320D-2559-4286-BFC2-1760C0E0835D}.Release|Mixed Platforms.Build.0 = Release|Any CPU
		{5084320D-2559-4286-BFC2-1760C0E0835D}.Release|Mixed Platforms.Deploy.0 = Release|Any CPU
		{5084320D-2559-4286-BFC2-1760C0E0835D}.Release|x86.ActiveCfg = Release|Any CPU
		{B85A409D-D821-4545-9A21-059CFC239A74}.Ad-Hoc|Any CPU.ActiveCfg = Release|Any CPU
		{B85A409D-D821-4545-9A21-059CFC239A74}.Ad-Hoc|Any CPU.Build.0 = Release|Any CPU
		{B85A409D-D821-4545-9A21-059CFC239A74}.Ad-Hoc|Any CPU.Deploy.0 = Release|Any CPU
		{B85A409D-D821-4545-9A21-059CFC239A74}.Ad-Hoc|ARM.ActiveCfg = Release|ARM
		{B85A409D-D821-4545-9A21-059CFC239A74}.Ad-Hoc|ARM.Build.0 = Release|ARM
		{B85A409D-D821-4545-9A21-059CFC239A74}.Ad-Hoc|ARM.Deploy.0 = Release|ARM
		{B85A409D-D821-4545-9A21-059CFC239A74}.Ad-Hoc|iPhone.ActiveCfg = Release|Any CPU
		{B85A409D-D821-4545-9A21-059CFC239A74}.Ad-Hoc|iPhoneSimulator.ActiveCfg = Release|Any CPU
		{B85A409D-D821-4545-9A21-059CFC239A74}.Ad-Hoc|Mixed Platforms.ActiveCfg = Release|x86
		{B85A409D-D821-4545-9A21-059CFC239A74}.Ad-Hoc|Mixed Platforms.Build.0 = Release|x86
		{B85A409D-D821-4545-9A21-059CFC239A74}.Ad-Hoc|Mixed Platforms.Deploy.0 = Release|x86
		{B85A409D-D821-4545-9A21-059CFC239A74}.Ad-Hoc|x86.ActiveCfg = Release|x86
		{B85A409D-D821-4545-9A21-059CFC239A74}.Ad-Hoc|x86.Build.0 = Release|x86
		{B85A409D-D821-4545-9A21-059CFC239A74}.Ad-Hoc|x86.Deploy.0 = Release|x86
		{B85A409D-D821-4545-9A21-059CFC239A74}.AppStore|Any CPU.ActiveCfg = Release|Any CPU
		{B85A409D-D821-4545-9A21-059CFC239A74}.AppStore|Any CPU.Build.0 = Release|Any CPU
		{B85A409D-D821-4545-9A21-059CFC239A74}.AppStore|Any CPU.Deploy.0 = Release|Any CPU
		{B85A409D-D821-4545-9A21-059CFC239A74}.AppStore|ARM.ActiveCfg = Release|ARM
		{B85A409D-D821-4545-9A21-059CFC239A74}.AppStore|ARM.Build.0 = Release|ARM
		{B85A409D-D821-4545-9A21-059CFC239A74}.AppStore|ARM.Deploy.0 = Release|ARM
		{B85A409D-D821-4545-9A21-059CFC239A74}.AppStore|iPhone.ActiveCfg = Release|Any CPU
		{B85A409D-D821-4545-9A21-059CFC239A74}.AppStore|iPhoneSimulator.ActiveCfg = Release|Any CPU
		{B85A409D-D821-4545-9A21-059CFC239A74}.AppStore|Mixed Platforms.ActiveCfg = Release|x86
		{B85A409D-D821-4545-9A21-059CFC239A74}.AppStore|Mixed Platforms.Build.0 = Release|x86
		{B85A409D-D821-4545-9A21-059CFC239A74}.AppStore|Mixed Platforms.Deploy.0 = Release|x86
		{B85A409D-D821-4545-9A21-059CFC239A74}.AppStore|x86.ActiveCfg = Release|x86
		{B85A409D-D821-4545-9A21-059CFC239A74}.AppStore|x86.Build.0 = Release|x86
		{B85A409D-D821-4545-9A21-059CFC239A74}.AppStore|x86.Deploy.0 = Release|x86
		{B85A409D-D821-4545-9A21-059CFC239A74}.Debug|Any CPU.ActiveCfg = Debug|Any CPU
		{B85A409D-D821-4545-9A21-059CFC239A74}.Debug|Any CPU.Build.0 = Debug|Any CPU
		{B85A409D-D821-4545-9A21-059CFC239A74}.Debug|Any CPU.Deploy.0 = Debug|Any CPU
		{B85A409D-D821-4545-9A21-059CFC239A74}.Debug|ARM.ActiveCfg = Debug|ARM
		{B85A409D-D821-4545-9A21-059CFC239A74}.Debug|ARM.Build.0 = Debug|ARM
		{B85A409D-D821-4545-9A21-059CFC239A74}.Debug|ARM.Deploy.0 = Debug|ARM
		{B85A409D-D821-4545-9A21-059CFC239A74}.Debug|iPhone.ActiveCfg = Debug|Any CPU
		{B85A409D-D821-4545-9A21-059CFC239A74}.Debug|iPhoneSimulator.ActiveCfg = Debug|Any CPU
		{B85A409D-D821-4545-9A21-059CFC239A74}.Debug|Mixed Platforms.ActiveCfg = Debug|x86
		{B85A409D-D821-4545-9A21-059CFC239A74}.Debug|Mixed Platforms.Build.0 = Debug|x86
		{B85A409D-D821-4545-9A21-059CFC239A74}.Debug|Mixed Platforms.Deploy.0 = Debug|x86
		{B85A409D-D821-4545-9A21-059CFC239A74}.Debug|x86.ActiveCfg = Debug|x86
		{B85A409D-D821-4545-9A21-059CFC239A74}.Debug|x86.Build.0 = Debug|x86
		{B85A409D-D821-4545-9A21-059CFC239A74}.Debug|x86.Deploy.0 = Debug|x86
		{B85A409D-D821-4545-9A21-059CFC239A74}.Release|Any CPU.ActiveCfg = Release|Any CPU
		{B85A409D-D821-4545-9A21-059CFC239A74}.Release|Any CPU.Build.0 = Release|Any CPU
		{B85A409D-D821-4545-9A21-059CFC239A74}.Release|Any CPU.Deploy.0 = Release|Any CPU
		{B85A409D-D821-4545-9A21-059CFC239A74}.Release|ARM.ActiveCfg = Release|ARM
		{B85A409D-D821-4545-9A21-059CFC239A74}.Release|ARM.Build.0 = Release|ARM
		{B85A409D-D821-4545-9A21-059CFC239A74}.Release|ARM.Deploy.0 = Release|ARM
		{B85A409D-D821-4545-9A21-059CFC239A74}.Release|iPhone.ActiveCfg = Release|Any CPU
		{B85A409D-D821-4545-9A21-059CFC239A74}.Release|iPhoneSimulator.ActiveCfg = Release|Any CPU
		{B85A409D-D821-4545-9A21-059CFC239A74}.Release|Mixed Platforms.ActiveCfg = Release|x86
		{B85A409D-D821-4545-9A21-059CFC239A74}.Release|Mixed Platforms.Build.0 = Release|x86
		{B85A409D-D821-4545-9A21-059CFC239A74}.Release|Mixed Platforms.Deploy.0 = Release|x86
		{B85A409D-D821-4545-9A21-059CFC239A74}.Release|x86.ActiveCfg = Release|x86
		{B85A409D-D821-4545-9A21-059CFC239A74}.Release|x86.Build.0 = Release|x86
		{B85A409D-D821-4545-9A21-059CFC239A74}.Release|x86.Deploy.0 = Release|x86
	EndGlobalSection
	GlobalSection(SharedMSBuildProjectFiles) = preSolution
		PopupsMenu\PopupsMenu\PopupsMenu.projitems*{1dcc9ba3-42a0-4187-84ec-d945e3ac7a5c}*SharedItemsImports = 4
		PopupsMenu\PopupsMenu\PopupsMenu.projitems*{c63c3422-623f-4532-9a23-ebbbbf68db6a}*SharedItemsImports = 13
		PopupsMenu\PopupsMenu\PopupsMenu.projitems*{5084320d-2559-4286-bfc2-1760c0e0835d}*SharedItemsImports = 4
		PopupsMenu\PopupsMenu\PopupsMenu.projitems*{b85a409d-d821-4545-9a21-059cfc239a74}*SharedItemsImports = 4
	EndGlobalSection
	GlobalSection(SolutionProperties) = preSolution
		HideSolutionNode = FALSE
	EndGlobalSection
EndGlobal
